
Microsoft Visual Studio Solution File, Format Version 12.00
# Visual Studio Version 17
VisualStudioVersion = 17.8.34330.188
MinimumVisualStudioVersion = 10.0.40219.1
Project("{888888A0-9F3D-457C-B088-3A5042F75D52}") = "Physics_Engine", "Physics_Engine\Physics_Engine.pyproj", "{91FA27BA-3B16-44FA-8478-DB9E32210742}"
EndProject
Global
	GlobalSection(SolutionConfigurationPlatforms) = preSolution
		Debug|Any CPU = Debug|Any CPU
		Release|Any CPU = Release|Any CPU
	EndGlobalSection
	GlobalSection(ProjectConfigurationPlatforms) = postSolution
		{91FA27BA-3B16-44FA-8478-DB9E32210742}.Debug|Any CPU.ActiveCfg = Debug|Any CPU
		{91FA27BA-3B16-44FA-8478-DB9E32210742}.Release|Any CPU.ActiveCfg = Release|Any CPU
	EndGlobalSection
	GlobalSection(SolutionProperties) = preSolution
		HideSolutionNode = FALSE
	EndGlobalSection
	GlobalSection(ExtensibilityGlobals) = postSolution
		SolutionGuid = {05B11116-CE59-4B41-BB14-924FDB2603BA}
	EndGlobalSection
EndGlobal
